// !$*UTF8*$!
{
	archiveVersion = 1;
	classes = {
	};
	objectVersion = 50;
	objects = {

/* Begin PBXBuildFile section */
		3E5CAED922772DE8001C8256 /* AppDelegate.swift in Sources */ = {isa = PBXBuildFile; fileRef = 3E5CAED822772DE8001C8256 /* AppDelegate.swift */; };
		3E5CAEDB22772DE8001C8256 /* HomeViewController.swift in Sources */ = {isa = PBXBuildFile; fileRef = 3E5CAEDA22772DE8001C8256 /* HomeViewController.swift */; };
		3E5CAEE022772DE9001C8256 /* Assets.xcassets in Resources */ = {isa = PBXBuildFile; fileRef = 3E5CAEDF22772DE9001C8256 /* Assets.xcassets */; };
		3E5CAEE322772DE9001C8256 /* LaunchScreen.storyboard in Resources */ = {isa = PBXBuildFile; fileRef = 3E5CAEE122772DE9001C8256 /* LaunchScreen.storyboard */; };
		3E5CAEEE22772DE9001C8256 /* Simple_Coordinator_With_RouterTests.swift in Sources */ = {isa = PBXBuildFile; fileRef = 3E5CAEED22772DE9001C8256 /* Simple_Coordinator_With_RouterTests.swift */; };
		3E5CAEF922772DE9001C8256 /* Simple_Coordinator_With_RouterUITests.swift in Sources */ = {isa = PBXBuildFile; fileRef = 3E5CAEF822772DE9001C8256 /* Simple_Coordinator_With_RouterUITests.swift */; };
		3E5CAF0D22772E51001C8256 /* NSObject+Identifier.swift in Sources */ = {isa = PBXBuildFile; fileRef = 3E5CAF0C22772E51001C8256 /* NSObject+Identifier.swift */; };
		3E5CAF0F22772E6B001C8256 /* Storyboarded.swift in Sources */ = {isa = PBXBuildFile; fileRef = 3E5CAF0E22772E6B001C8256 /* Storyboarded.swift */; };
		3E5CAF1322772EF8001C8256 /* HomeViewController.storyboard in Resources */ = {isa = PBXBuildFile; fileRef = 3E5CAF1222772EF8001C8256 /* HomeViewController.storyboard */; };
		3E5CAF1722772F51001C8256 /* FirstFlowFirstViewController.swift in Sources */ = {isa = PBXBuildFile; fileRef = 3E5CAF1622772F51001C8256 /* FirstFlowFirstViewController.swift */; };
		3E5CAF1922772F56001C8256 /* FirstFlowFirstViewController.storyboard in Resources */ = {isa = PBXBuildFile; fileRef = 3E5CAF1822772F56001C8256 /* FirstFlowFirstViewController.storyboard */; };
		3E5CAF1C22772FC3001C8256 /* FirstFlowSecondViewController.swift in Sources */ = {isa = PBXBuildFile; fileRef = 3E5CAF1B22772FC3001C8256 /* FirstFlowSecondViewController.swift */; };
		3E5CAF1E22772FC8001C8256 /* FirstFlowSecondViewController.storyboard in Resources */ = {isa = PBXBuildFile; fileRef = 3E5CAF1D22772FC8001C8256 /* FirstFlowSecondViewController.storyboard */; };
		3E5CAF2022773032001C8256 /* FirstFlowLastViewController.swift in Sources */ = {isa = PBXBuildFile; fileRef = 3E5CAF1F22773032001C8256 /* FirstFlowLastViewController.swift */; };
		3E5CAF2222773040001C8256 /* FirstFlowLastViewController.storyboard in Resources */ = {isa = PBXBuildFile; fileRef = 3E5CAF2122773040001C8256 /* FirstFlowLastViewController.storyboard */; };
		3E5CAF2422773122001C8256 /* SecondFlowFirstViewController.swift in Sources */ = {isa = PBXBuildFile; fileRef = 3E5CAF2322773122001C8256 /* SecondFlowFirstViewController.swift */; };
		3E5CAF262277312C001C8256 /* SecondFlowFirstViewController.storyboard in Resources */ = {isa = PBXBuildFile; fileRef = 3E5CAF252277312C001C8256 /* SecondFlowFirstViewController.storyboard */; };
		3E5CAF282277316D001C8256 /* SecondFlowSecondViewController.swift in Sources */ = {isa = PBXBuildFile; fileRef = 3E5CAF272277316D001C8256 /* SecondFlowSecondViewController.swift */; };
		3E5CAF2A2277317C001C8256 /* SecondFlowSecondViewController.storyboard in Resources */ = {isa = PBXBuildFile; fileRef = 3E5CAF292277317C001C8256 /* SecondFlowSecondViewController.storyboard */; };
		3E5CAF2C227731BF001C8256 /* SecondFlowLastViewController.swift in Sources */ = {isa = PBXBuildFile; fileRef = 3E5CAF2B227731BF001C8256 /* SecondFlowLastViewController.swift */; };
		3E5CAF2E227731CC001C8256 /* SecondFlowLastViewController.storyboard in Resources */ = {isa = PBXBuildFile; fileRef = 3E5CAF2D227731CC001C8256 /* SecondFlowLastViewController.storyboard */; };
		3E5CAF3022773C91001C8256 /* Router.swift in Sources */ = {isa = PBXBuildFile; fileRef = 3E5CAF2F22773C91001C8256 /* Router.swift */; };
		3E5CAF3222773CE0001C8256 /* Coordinator.swift in Sources */ = {isa = PBXBuildFile; fileRef = 3E5CAF3122773CE0001C8256 /* Coordinator.swift */; };
		3E5CAF3422773F27001C8256 /* ApplicationRouter.swift in Sources */ = {isa = PBXBuildFile; fileRef = 3E5CAF3322773F27001C8256 /* ApplicationRouter.swift */; };
		3E5CAF3622773F81001C8256 /* ApplicationCoordinator.swift in Sources */ = {isa = PBXBuildFile; fileRef = 3E5CAF3522773F81001C8256 /* ApplicationCoordinator.swift */; };
		3E5CAF382278759C001C8256 /* ModalNavigationRouter.swift in Sources */ = {isa = PBXBuildFile; fileRef = 3E5CAF372278759C001C8256 /* ModalNavigationRouter.swift */; };
		3E5CAF3A22787C04001C8256 /* FirstFlowCoordinator.swift in Sources */ = {isa = PBXBuildFile; fileRef = 3E5CAF3922787C04001C8256 /* FirstFlowCoordinator.swift */; };
		3E5CAF3C22793EAD001C8256 /* SecondFlowCoordinator.swift in Sources */ = {isa = PBXBuildFile; fileRef = 3E5CAF3B22793EAD001C8256 /* SecondFlowCoordinator.swift */; };
/* End PBXBuildFile section */

/* Begin PBXContainerItemProxy section */
		3E5CAEEA22772DE9001C8256 /* PBXContainerItemProxy */ = {
			isa = PBXContainerItemProxy;
			containerPortal = 3E5CAECD22772DE8001C8256 /* Project object */;
			proxyType = 1;
			remoteGlobalIDString = 3E5CAED422772DE8001C8256;
			remoteInfo = "Simple Coordinator With Router";
		};
		3E5CAEF522772DE9001C8256 /* PBXContainerItemProxy */ = {
			isa = PBXContainerItemProxy;
			containerPortal = 3E5CAECD22772DE8001C8256 /* Project object */;
			proxyType = 1;
			remoteGlobalIDString = 3E5CAED422772DE8001C8256;
			remoteInfo = "Simple Coordinator With Router";
		};
/* End PBXContainerItemProxy section */

/* Begin PBXFileReference section */
		3E5CAED522772DE8001C8256 /* Simple Coordinator With Router.app */ = {isa = PBXFileReference; explicitFileType = wrapper.application; includeInIndex = 0; path = "Simple Coordinator With Router.app"; sourceTree = BUILT_PRODUCTS_DIR; };
		3E5CAED822772DE8001C8256 /* AppDelegate.swift */ = {isa = PBXFileReference; lastKnownFileType = sourcecode.swift; path = AppDelegate.swift; sourceTree = "<group>"; };
		3E5CAEDA22772DE8001C8256 /* HomeViewController.swift */ = {isa = PBXFileReference; lastKnownFileType = sourcecode.swift; path = HomeViewController.swift; sourceTree = "<group>"; };
		3E5CAEDF22772DE9001C8256 /* Assets.xcassets */ = {isa = PBXFileReference; lastKnownFileType = folder.assetcatalog; path = Assets.xcassets; sourceTree = "<group>"; };
		3E5CAEE222772DE9001C8256 /* Base */ = {isa = PBXFileReference; lastKnownFileType = file.storyboard; name = Base; path = Base.lproj/LaunchScreen.storyboard; sourceTree = "<group>"; };
		3E5CAEE422772DE9001C8256 /* Info.plist */ = {isa = PBXFileReference; lastKnownFileType = text.plist.xml; path = Info.plist; sourceTree = "<group>"; };
		3E5CAEE922772DE9001C8256 /* Simple Coordinator With RouterTests.xctest */ = {isa = PBXFileReference; explicitFileType = wrapper.cfbundle; includeInIndex = 0; path = "Simple Coordinator With RouterTests.xctest"; sourceTree = BUILT_PRODUCTS_DIR; };
		3E5CAEED22772DE9001C8256 /* Simple_Coordinator_With_RouterTests.swift */ = {isa = PBXFileReference; lastKnownFileType = sourcecode.swift; path = Simple_Coordinator_With_RouterTests.swift; sourceTree = "<group>"; };
		3E5CAEEF22772DE9001C8256 /* Info.plist */ = {isa = PBXFileReference; lastKnownFileType = text.plist.xml; path = Info.plist; sourceTree = "<group>"; };
		3E5CAEF422772DE9001C8256 /* Simple Coordinator With RouterUITests.xctest */ = {isa = PBXFileReference; explicitFileType = wrapper.cfbundle; includeInIndex = 0; path = "Simple Coordinator With RouterUITests.xctest"; sourceTree = BUILT_PRODUCTS_DIR; };
		3E5CAEF822772DE9001C8256 /* Simple_Coordinator_With_RouterUITests.swift */ = {isa = PBXFileReference; lastKnownFileType = sourcecode.swift; path = Simple_Coordinator_With_RouterUITests.swift; sourceTree = "<group>"; };
		3E5CAEFA22772DE9001C8256 /* Info.plist */ = {isa = PBXFileReference; lastKnownFileType = text.plist.xml; path = Info.plist; sourceTree = "<group>"; };
		3E5CAF0C22772E51001C8256 /* NSObject+Identifier.swift */ = {isa = PBXFileReference; lastKnownFileType = sourcecode.swift; path = "NSObject+Identifier.swift"; sourceTree = "<group>"; };
		3E5CAF0E22772E6B001C8256 /* Storyboarded.swift */ = {isa = PBXFileReference; lastKnownFileType = sourcecode.swift; path = Storyboarded.swift; sourceTree = "<group>"; };
		3E5CAF1222772EF8001C8256 /* HomeViewController.storyboard */ = {isa = PBXFileReference; lastKnownFileType = file.storyboard; path = HomeViewController.storyboard; sourceTree = "<group>"; };
		3E5CAF1622772F51001C8256 /* FirstFlowFirstViewController.swift */ = {isa = PBXFileReference; lastKnownFileType = sourcecode.swift; path = FirstFlowFirstViewController.swift; sourceTree = "<group>"; };
		3E5CAF1822772F56001C8256 /* FirstFlowFirstViewController.storyboard */ = {isa = PBXFileReference; lastKnownFileType = file.storyboard; path = FirstFlowFirstViewController.storyboard; sourceTree = "<group>"; };
		3E5CAF1B22772FC3001C8256 /* FirstFlowSecondViewController.swift */ = {isa = PBXFileReference; lastKnownFileType = sourcecode.swift; path = FirstFlowSecondViewController.swift; sourceTree = "<group>"; };
		3E5CAF1D22772FC8001C8256 /* FirstFlowSecondViewController.storyboard */ = {isa = PBXFileReference; lastKnownFileType = file.storyboard; path = FirstFlowSecondViewController.storyboard; sourceTree = "<group>"; };
		3E5CAF1F22773032001C8256 /* FirstFlowLastViewController.swift */ = {isa = PBXFileReference; lastKnownFileType = sourcecode.swift; path = FirstFlowLastViewController.swift; sourceTree = "<group>"; };
		3E5CAF2122773040001C8256 /* FirstFlowLastViewController.storyboard */ = {isa = PBXFileReference; lastKnownFileType = file.storyboard; path = FirstFlowLastViewController.storyboard; sourceTree = "<group>"; };
		3E5CAF2322773122001C8256 /* SecondFlowFirstViewController.swift */ = {isa = PBXFileReference; lastKnownFileType = sourcecode.swift; path = SecondFlowFirstViewController.swift; sourceTree = "<group>"; };
		3E5CAF252277312C001C8256 /* SecondFlowFirstViewController.storyboard */ = {isa = PBXFileReference; lastKnownFileType = file.storyboard; path = SecondFlowFirstViewController.storyboard; sourceTree = "<group>"; };
		3E5CAF272277316D001C8256 /* SecondFlowSecondViewController.swift */ = {isa = PBXFileReference; lastKnownFileType = sourcecode.swift; path = SecondFlowSecondViewController.swift; sourceTree = "<group>"; };
		3E5CAF292277317C001C8256 /* SecondFlowSecondViewController.storyboard */ = {isa = PBXFileReference; lastKnownFileType = file.storyboard; path = SecondFlowSecondViewController.storyboard; sourceTree = "<group>"; };
		3E5CAF2B227731BF001C8256 /* SecondFlowLastViewController.swift */ = {isa = PBXFileReference; lastKnownFileType = sourcecode.swift; path = SecondFlowLastViewController.swift; sourceTree = "<group>"; };
		3E5CAF2D227731CC001C8256 /* SecondFlowLastViewController.storyboard */ = {isa = PBXFileReference; lastKnownFileType = file.storyboard; path = SecondFlowLastViewController.storyboard; sourceTree = "<group>"; };
		3E5CAF2F22773C91001C8256 /* Router.swift */ = {isa = PBXFileReference; lastKnownFileType = sourcecode.swift; path = Router.swift; sourceTree = "<group>"; };
		3E5CAF3122773CE0001C8256 /* Coordinator.swift */ = {isa = PBXFileReference; lastKnownFileType = sourcecode.swift; path = Coordinator.swift; sourceTree = "<group>"; };
		3E5CAF3322773F27001C8256 /* ApplicationRouter.swift */ = {isa = PBXFileReference; lastKnownFileType = sourcecode.swift; path = ApplicationRouter.swift; sourceTree = "<group>"; };
		3E5CAF3522773F81001C8256 /* ApplicationCoordinator.swift */ = {isa = PBXFileReference; lastKnownFileType = sourcecode.swift; path = ApplicationCoordinator.swift; sourceTree = "<group>"; };
		3E5CAF372278759C001C8256 /* ModalNavigationRouter.swift */ = {isa = PBXFileReference; lastKnownFileType = sourcecode.swift; path = ModalNavigationRouter.swift; sourceTree = "<group>"; };
		3E5CAF3922787C04001C8256 /* FirstFlowCoordinator.swift */ = {isa = PBXFileReference; lastKnownFileType = sourcecode.swift; path = FirstFlowCoordinator.swift; sourceTree = "<group>"; };
		3E5CAF3B22793EAD001C8256 /* SecondFlowCoordinator.swift */ = {isa = PBXFileReference; lastKnownFileType = sourcecode.swift; path = SecondFlowCoordinator.swift; sourceTree = "<group>"; };
/* End PBXFileReference section */

/* Begin PBXFrameworksBuildPhase section */
		3E5CAED222772DE8001C8256 /* Frameworks */ = {
			isa = PBXFrameworksBuildPhase;
			buildActionMask = 2147483647;
			files = (
			);
			runOnlyForDeploymentPostprocessing = 0;
		};
		3E5CAEE622772DE9001C8256 /* Frameworks */ = {
			isa = PBXFrameworksBuildPhase;
			buildActionMask = 2147483647;
			files = (
			);
			runOnlyForDeploymentPostprocessing = 0;
		};
		3E5CAEF122772DE9001C8256 /* Frameworks */ = {
			isa = PBXFrameworksBuildPhase;
			buildActionMask = 2147483647;
			files = (
			);
			runOnlyForDeploymentPostprocessing = 0;
		};
/* End PBXFrameworksBuildPhase section */

/* Begin PBXGroup section */
		3E5CAECC22772DE8001C8256 = {
			isa = PBXGroup;
			children = (
				3E5CAED722772DE8001C8256 /* Simple Coordinator With Router */,
				3E5CAEEC22772DE9001C8256 /* Simple Coordinator With RouterTests */,
				3E5CAEF722772DE9001C8256 /* Simple Coordinator With RouterUITests */,
				3E5CAED622772DE8001C8256 /* Products */,
			);
			sourceTree = "<group>";
		};
		3E5CAED622772DE8001C8256 /* Products */ = {
			isa = PBXGroup;
			children = (
				3E5CAED522772DE8001C8256 /* Simple Coordinator With Router.app */,
				3E5CAEE922772DE9001C8256 /* Simple Coordinator With RouterTests.xctest */,
				3E5CAEF422772DE9001C8256 /* Simple Coordinator With RouterUITests.xctest */,
			);
			name = Products;
			sourceTree = "<group>";
		};
		3E5CAED722772DE8001C8256 /* Simple Coordinator With Router */ = {
			isa = PBXGroup;
			children = (
				3E5CAF0B22772E44001C8256 /* Utils */,
				3E5CAF0A22772E0C001C8256 /* Resources */,
				3E5CAF0922772E06001C8256 /* Router */,
				3E5CAF0822772E02001C8256 /* Coordinator */,
				3E5CAF0722772DFE001C8256 /* ViewControllers */,
				3E5CAF0622772DF8001C8256 /* Application */,
			);
			path = "Simple Coordinator With Router";
			sourceTree = "<group>";
		};
		3E5CAEEC22772DE9001C8256 /* Simple Coordinator With RouterTests */ = {
			isa = PBXGroup;
			children = (
				3E5CAEED22772DE9001C8256 /* Simple_Coordinator_With_RouterTests.swift */,
				3E5CAEEF22772DE9001C8256 /* Info.plist */,
			);
			path = "Simple Coordinator With RouterTests";
			sourceTree = "<group>";
		};
		3E5CAEF722772DE9001C8256 /* Simple Coordinator With RouterUITests */ = {
			isa = PBXGroup;
			children = (
				3E5CAEF822772DE9001C8256 /* Simple_Coordinator_With_RouterUITests.swift */,
				3E5CAEFA22772DE9001C8256 /* Info.plist */,
			);
			path = "Simple Coordinator With RouterUITests";
			sourceTree = "<group>";
		};
		3E5CAF0622772DF8001C8256 /* Application */ = {
			isa = PBXGroup;
			children = (
				3E5CAED822772DE8001C8256 /* AppDelegate.swift */,
				3E5CAEE422772DE9001C8256 /* Info.plist */,
			);
			path = Application;
			sourceTree = "<group>";
		};
		3E5CAF0722772DFE001C8256 /* ViewControllers */ = {
			isa = PBXGroup;
			children = (
				3E5CAF1522772F41001C8256 /* Second Flow */,
				3E5CAF1422772F3A001C8256 /* First Flow */,
				3E5CAF1122772EE9001C8256 /* Home */,
			);
			path = ViewControllers;
			sourceTree = "<group>";
		};
		3E5CAF0822772E02001C8256 /* Coordinator */ = {
			isa = PBXGroup;
			children = (
				3E5CAF3122773CE0001C8256 /* Coordinator.swift */,
				3E5CAF3522773F81001C8256 /* ApplicationCoordinator.swift */,
				3E5CAF3922787C04001C8256 /* FirstFlowCoordinator.swift */,
				3E5CAF3B22793EAD001C8256 /* SecondFlowCoordinator.swift */,
			);
			path = Coordinator;
			sourceTree = "<group>";
		};
		3E5CAF0922772E06001C8256 /* Router */ = {
			isa = PBXGroup;
			children = (
				3E5CAF2F22773C91001C8256 /* Router.swift */,
				3E5CAF3322773F27001C8256 /* ApplicationRouter.swift */,
				3E5CAF372278759C001C8256 /* ModalNavigationRouter.swift */,
			);
			path = Router;
			sourceTree = "<group>";
		};
		3E5CAF0A22772E0C001C8256 /* Resources */ = {
			isa = PBXGroup;
			children = (
				3E5CAEDF22772DE9001C8256 /* Assets.xcassets */,
				3E5CAEE122772DE9001C8256 /* LaunchScreen.storyboard */,
			);
			path = Resources;
			sourceTree = "<group>";
		};
		3E5CAF0B22772E44001C8256 /* Utils */ = {
			isa = PBXGroup;
			children = (
				3E5CAF0C22772E51001C8256 /* NSObject+Identifier.swift */,
				3E5CAF0E22772E6B001C8256 /* Storyboarded.swift */,
			);
			path = Utils;
			sourceTree = "<group>";
		};
		3E5CAF1122772EE9001C8256 /* Home */ = {
			isa = PBXGroup;
			children = (
				3E5CAEDA22772DE8001C8256 /* HomeViewController.swift */,
				3E5CAF1222772EF8001C8256 /* HomeViewController.storyboard */,
			);
			path = Home;
			sourceTree = "<group>";
		};
		3E5CAF1422772F3A001C8256 /* First Flow */ = {
			isa = PBXGroup;
			children = (
				3E5CAF1622772F51001C8256 /* FirstFlowFirstViewController.swift */,
				3E5CAF1822772F56001C8256 /* FirstFlowFirstViewController.storyboard */,
				3E5CAF1B22772FC3001C8256 /* FirstFlowSecondViewController.swift */,
				3E5CAF1D22772FC8001C8256 /* FirstFlowSecondViewController.storyboard */,
				3E5CAF1F22773032001C8256 /* FirstFlowLastViewController.swift */,
				3E5CAF2122773040001C8256 /* FirstFlowLastViewController.storyboard */,
			);
			path = "First Flow";
			sourceTree = "<group>";
		};
		3E5CAF1522772F41001C8256 /* Second Flow */ = {
			isa = PBXGroup;
			children = (
				3E5CAF2322773122001C8256 /* SecondFlowFirstViewController.swift */,
				3E5CAF252277312C001C8256 /* SecondFlowFirstViewController.storyboard */,
				3E5CAF272277316D001C8256 /* SecondFlowSecondViewController.swift */,
				3E5CAF292277317C001C8256 /* SecondFlowSecondViewController.storyboard */,
				3E5CAF2B227731BF001C8256 /* SecondFlowLastViewController.swift */,
				3E5CAF2D227731CC001C8256 /* SecondFlowLastViewController.storyboard */,
			);
			path = "Second Flow";
			sourceTree = "<group>";
		};
/* End PBXGroup section */

/* Begin PBXNativeTarget section */
		3E5CAED422772DE8001C8256 /* Simple Coordinator With Router */ = {
			isa = PBXNativeTarget;
			buildConfigurationList = 3E5CAEFD22772DE9001C8256 /* Build configuration list for PBXNativeTarget "Simple Coordinator With Router" */;
			buildPhases = (
				3E5CAED122772DE8001C8256 /* Sources */,
				3E5CAED222772DE8001C8256 /* Frameworks */,
				3E5CAED322772DE8001C8256 /* Resources */,
			);
			buildRules = (
			);
			dependencies = (
			);
			name = "Simple Coordinator With Router";
			productName = "Simple Coordinator With Router";
			productReference = 3E5CAED522772DE8001C8256 /* Simple Coordinator With Router.app */;
			productType = "com.apple.product-type.application";
		};
		3E5CAEE822772DE9001C8256 /* Simple Coordinator With RouterTests */ = {
			isa = PBXNativeTarget;
			buildConfigurationList = 3E5CAF0022772DE9001C8256 /* Build configuration list for PBXNativeTarget "Simple Coordinator With RouterTests" */;
			buildPhases = (
				3E5CAEE522772DE9001C8256 /* Sources */,
				3E5CAEE622772DE9001C8256 /* Frameworks */,
				3E5CAEE722772DE9001C8256 /* Resources */,
			);
			buildRules = (
			);
			dependencies = (
				3E5CAEEB22772DE9001C8256 /* PBXTargetDependency */,
			);
			name = "Simple Coordinator With RouterTests";
			productName = "Simple Coordinator With RouterTests";
			productReference = 3E5CAEE922772DE9001C8256 /* Simple Coordinator With RouterTests.xctest */;
			productType = "com.apple.product-type.bundle.unit-test";
		};
		3E5CAEF322772DE9001C8256 /* Simple Coordinator With RouterUITests */ = {
			isa = PBXNativeTarget;
			buildConfigurationList = 3E5CAF0322772DE9001C8256 /* Build configuration list for PBXNativeTarget "Simple Coordinator With RouterUITests" */;
			buildPhases = (
				3E5CAEF022772DE9001C8256 /* Sources */,
				3E5CAEF122772DE9001C8256 /* Frameworks */,
				3E5CAEF222772DE9001C8256 /* Resources */,
			);
			buildRules = (
			);
			dependencies = (
				3E5CAEF622772DE9001C8256 /* PBXTargetDependency */,
			);
			name = "Simple Coordinator With RouterUITests";
			productName = "Simple Coordinator With RouterUITests";
			productReference = 3E5CAEF422772DE9001C8256 /* Simple Coordinator With RouterUITests.xctest */;
			productType = "com.apple.product-type.bundle.ui-testing";
		};
/* End PBXNativeTarget section */

/* Begin PBXProject section */
		3E5CAECD22772DE8001C8256 /* Project object */ = {
			isa = PBXProject;
			attributes = {
				LastSwiftUpdateCheck = 1010;
				LastUpgradeCheck = 1010;
				ORGANIZATIONNAME = "이동건";
				TargetAttributes = {
					3E5CAED422772DE8001C8256 = {
						CreatedOnToolsVersion = 10.1;
					};
					3E5CAEE822772DE9001C8256 = {
						CreatedOnToolsVersion = 10.1;
						TestTargetID = 3E5CAED422772DE8001C8256;
					};
					3E5CAEF322772DE9001C8256 = {
						CreatedOnToolsVersion = 10.1;
						TestTargetID = 3E5CAED422772DE8001C8256;
					};
				};
			};
			buildConfigurationList = 3E5CAED022772DE8001C8256 /* Build configuration list for PBXProject "Simple Coordinator With Router" */;
			compatibilityVersion = "Xcode 9.3";
			developmentRegion = en;
			hasScannedForEncodings = 0;
			knownRegions = (
				en,
				Base,
			);
			mainGroup = 3E5CAECC22772DE8001C8256;
			productRefGroup = 3E5CAED622772DE8001C8256 /* Products */;
			projectDirPath = "";
			projectRoot = "";
			targets = (
				3E5CAED422772DE8001C8256 /* Simple Coordinator With Router */,
				3E5CAEE822772DE9001C8256 /* Simple Coordinator With RouterTests */,
				3E5CAEF322772DE9001C8256 /* Simple Coordinator With RouterUITests */,
			);
		};
/* End PBXProject section */

/* Begin PBXResourcesBuildPhase section */
		3E5CAED322772DE8001C8256 /* Resources */ = {
			isa = PBXResourcesBuildPhase;
			buildActionMask = 2147483647;
			files = (
				3E5CAF2E227731CC001C8256 /* SecondFlowLastViewController.storyboard in Resources */,
				3E5CAF2222773040001C8256 /* FirstFlowLastViewController.storyboard in Resources */,
				3E5CAEE322772DE9001C8256 /* LaunchScreen.storyboard in Resources */,
				3E5CAF1922772F56001C8256 /* FirstFlowFirstViewController.storyboard in Resources */,
				3E5CAEE022772DE9001C8256 /* Assets.xcassets in Resources */,
				3E5CAF1E22772FC8001C8256 /* FirstFlowSecondViewController.storyboard in Resources */,
				3E5CAF1322772EF8001C8256 /* HomeViewController.storyboard in Resources */,
				3E5CAF262277312C001C8256 /* SecondFlowFirstViewController.storyboard in Resources */,
				3E5CAF2A2277317C001C8256 /* SecondFlowSecondViewController.storyboard in Resources */,
			);
			runOnlyForDeploymentPostprocessing = 0;
		};
		3E5CAEE722772DE9001C8256 /* Resources */ = {
			isa = PBXResourcesBuildPhase;
			buildActionMask = 2147483647;
			files = (
			);
			runOnlyForDeploymentPostprocessing = 0;
		};
		3E5CAEF222772DE9001C8256 /* Resources */ = {
			isa = PBXResourcesBuildPhase;
			buildActionMask = 2147483647;
			files = (
			);
			runOnlyForDeploymentPostprocessing = 0;
		};
/* End PBXResourcesBuildPhase section */

/* Begin PBXSourcesBuildPhase section */
		3E5CAED122772DE8001C8256 /* Sources */ = {
			isa = PBXSourcesBuildPhase;
			buildActionMask = 2147483647;
			files = (
				3E5CAF3022773C91001C8256 /* Router.swift in Sources */,
				3E5CAF0D22772E51001C8256 /* NSObject+Identifier.swift in Sources */,
				3E5CAF2422773122001C8256 /* SecondFlowFirstViewController.swift in Sources */,
				3E5CAF3422773F27001C8256 /* ApplicationRouter.swift in Sources */,
				3E5CAEDB22772DE8001C8256 /* HomeViewController.swift in Sources */,
				3E5CAF382278759C001C8256 /* ModalNavigationRouter.swift in Sources */,
				3E5CAF2022773032001C8256 /* FirstFlowLastViewController.swift in Sources */,
				3E5CAED922772DE8001C8256 /* AppDelegate.swift in Sources */,
				3E5CAF1722772F51001C8256 /* FirstFlowFirstViewController.swift in Sources */,
				3E5CAF3A22787C04001C8256 /* FirstFlowCoordinator.swift in Sources */,
				3E5CAF2C227731BF001C8256 /* SecondFlowLastViewController.swift in Sources */,
				3E5CAF3222773CE0001C8256 /* Coordinator.swift in Sources */,
				3E5CAF282277316D001C8256 /* SecondFlowSecondViewController.swift in Sources */,
				3E5CAF0F22772E6B001C8256 /* Storyboarded.swift in Sources */,
				3E5CAF1C22772FC3001C8256 /* FirstFlowSecondViewController.swift in Sources */,
				3E5CAF3C22793EAD001C8256 /* SecondFlowCoordinator.swift in Sources */,
				3E5CAF3622773F81001C8256 /* ApplicationCoordinator.swift in Sources */,
			);
			runOnlyForDeploymentPostprocessing = 0;
		};
		3E5CAEE522772DE9001C8256 /* Sources */ = {
			isa = PBXSourcesBuildPhase;
			buildActionMask = 2147483647;
			files = (
				3E5CAEEE22772DE9001C8256 /* Simple_Coordinator_With_RouterTests.swift in Sources */,
			);
			runOnlyForDeploymentPostprocessing = 0;
		};
		3E5CAEF022772DE9001C8256 /* Sources */ = {
			isa = PBXSourcesBuildPhase;
			buildActionMask = 2147483647;
			files = (
				3E5CAEF922772DE9001C8256 /* Simple_Coordinator_With_RouterUITests.swift in Sources */,
			);
			runOnlyForDeploymentPostprocessing = 0;
		};
/* End PBXSourcesBuildPhase section */

/* Begin PBXTargetDependency section */
		3E5CAEEB22772DE9001C8256 /* PBXTargetDependency */ = {
			isa = PBXTargetDependency;
			target = 3E5CAED422772DE8001C8256 /* Simple Coordinator With Router */;
			targetProxy = 3E5CAEEA22772DE9001C8256 /* PBXContainerItemProxy */;
		};
		3E5CAEF622772DE9001C8256 /* PBXTargetDependency */ = {
			isa = PBXTargetDependency;
			target = 3E5CAED422772DE8001C8256 /* Simple Coordinator With Router */;
			targetProxy = 3E5CAEF522772DE9001C8256 /* PBXContainerItemProxy */;
		};
/* End PBXTargetDependency section */

/* Begin PBXVariantGroup section */
		3E5CAEE122772DE9001C8256 /* LaunchScreen.storyboard */ = {
			isa = PBXVariantGroup;
			children = (
				3E5CAEE222772DE9001C8256 /* Base */,
			);
			name = LaunchScreen.storyboard;
			sourceTree = "<group>";
		};
/* End PBXVariantGroup section */

/* Begin XCBuildConfiguration section */
		3E5CAEFB22772DE9001C8256 /* Debug */ = {
			isa = XCBuildConfiguration;
			buildSettings = {
				ALWAYS_SEARCH_USER_PATHS = NO;
				CLANG_ANALYZER_NONNULL = YES;
				CLANG_ANALYZER_NUMBER_OBJECT_CONVERSION = YES_AGGRESSIVE;
				CLANG_CXX_LANGUAGE_STANDARD = "gnu++14";
				CLANG_CXX_LIBRARY = "libc++";
				CLANG_ENABLE_MODULES = YES;
				CLANG_ENABLE_OBJC_ARC = YES;
				CLANG_ENABLE_OBJC_WEAK = YES;
				CLANG_WARN_BLOCK_CAPTURE_AUTORELEASING = YES;
				CLANG_WARN_BOOL_CONVERSION = YES;
				CLANG_WARN_COMMA = YES;
				CLANG_WARN_CONSTANT_CONVERSION = YES;
				CLANG_WARN_DEPRECATED_OBJC_IMPLEMENTATIONS = YES;
				CLANG_WARN_DIRECT_OBJC_ISA_USAGE = YES_ERROR;
				CLANG_WARN_DOCUMENTATION_COMMENTS = YES;
				CLANG_WARN_EMPTY_BODY = YES;
				CLANG_WARN_ENUM_CONVERSION = YES;
				CLANG_WARN_INFINITE_RECURSION = YES;
				CLANG_WARN_INT_CONVERSION = YES;
				CLANG_WARN_NON_LITERAL_NULL_CONVERSION = YES;
				CLANG_WARN_OBJC_IMPLICIT_RETAIN_SELF = YES;
				CLANG_WARN_OBJC_LITERAL_CONVERSION = YES;
				CLANG_WARN_OBJC_ROOT_CLASS = YES_ERROR;
				CLANG_WARN_RANGE_LOOP_ANALYSIS = YES;
				CLANG_WARN_STRICT_PROTOTYPES = YES;
				CLANG_WARN_SUSPICIOUS_MOVE = YES;
				CLANG_WARN_UNGUARDED_AVAILABILITY = YES_AGGRESSIVE;
				CLANG_WARN_UNREACHABLE_CODE = YES;
				CLANG_WARN__DUPLICATE_METHOD_MATCH = YES;
				CODE_SIGN_IDENTITY = "iPhone Developer";
				COPY_PHASE_STRIP = NO;
				DEBUG_INFORMATION_FORMAT = dwarf;
				ENABLE_STRICT_OBJC_MSGSEND = YES;
				ENABLE_TESTABILITY = YES;
				GCC_C_LANGUAGE_STANDARD = gnu11;
				GCC_DYNAMIC_NO_PIC = NO;
				GCC_NO_COMMON_BLOCKS = YES;
				GCC_OPTIMIZATION_LEVEL = 0;
				GCC_PREPROCESSOR_DEFINITIONS = (
					"DEBUG=1",
					"$(inherited)",
				);
				GCC_WARN_64_TO_32_BIT_CONVERSION = YES;
				GCC_WARN_ABOUT_RETURN_TYPE = YES_ERROR;
				GCC_WARN_UNDECLARED_SELECTOR = YES;
				GCC_WARN_UNINITIALIZED_AUTOS = YES_AGGRESSIVE;
				GCC_WARN_UNUSED_FUNCTION = YES;
				GCC_WARN_UNUSED_VARIABLE = YES;
				IPHONEOS_DEPLOYMENT_TARGET = 12.1;
				MTL_ENABLE_DEBUG_INFO = INCLUDE_SOURCE;
				MTL_FAST_MATH = YES;
				ONLY_ACTIVE_ARCH = YES;
				SDKROOT = iphoneos;
				SWIFT_ACTIVE_COMPILATION_CONDITIONS = DEBUG;
				SWIFT_OPTIMIZATION_LEVEL = "-Onone";
			};
			name = Debug;
		};
		3E5CAEFC22772DE9001C8256 /* Release */ = {
			isa = XCBuildConfiguration;
			buildSettings = {
				ALWAYS_SEARCH_USER_PATHS = NO;
				CLANG_ANALYZER_NONNULL = YES;
				CLANG_ANALYZER_NUMBER_OBJECT_CONVERSION = YES_AGGRESSIVE;
				CLANG_CXX_LANGUAGE_STANDARD = "gnu++14";
				CLANG_CXX_LIBRARY = "libc++";
				CLANG_ENABLE_MODULES = YES;
				CLANG_ENABLE_OBJC_ARC = YES;
				CLANG_ENABLE_OBJC_WEAK = YES;
				CLANG_WARN_BLOCK_CAPTURE_AUTORELEASING = YES;
				CLANG_WARN_BOOL_CONVERSION = YES;
				CLANG_WARN_COMMA = YES;
				CLANG_WARN_CONSTANT_CONVERSION = YES;
				CLANG_WARN_DEPRECATED_OBJC_IMPLEMENTATIONS = YES;
				CLANG_WARN_DIRECT_OBJC_ISA_USAGE = YES_ERROR;
				CLANG_WARN_DOCUMENTATION_COMMENTS = YES;
				CLANG_WARN_EMPTY_BODY = YES;
				CLANG_WARN_ENUM_CONVERSION = YES;
				CLANG_WARN_INFINITE_RECURSION = YES;
				CLANG_WARN_INT_CONVERSION = YES;
				CLANG_WARN_NON_LITERAL_NULL_CONVERSION = YES;
				CLANG_WARN_OBJC_IMPLICIT_RETAIN_SELF = YES;
				CLANG_WARN_OBJC_LITERAL_CONVERSION = YES;
				CLANG_WARN_OBJC_ROOT_CLASS = YES_ERROR;
				CLANG_WARN_RANGE_LOOP_ANALYSIS = YES;
				CLANG_WARN_STRICT_PROTOTYPES = YES;
				CLANG_WARN_SUSPICIOUS_MOVE = YES;
				CLANG_WARN_UNGUARDED_AVAILABILITY = YES_AGGRESSIVE;
				CLANG_WARN_UNREACHABLE_CODE = YES;
				CLANG_WARN__DUPLICATE_METHOD_MATCH = YES;
				CODE_SIGN_IDENTITY = "iPhone Developer";
				COPY_PHASE_STRIP = NO;
				DEBUG_INFORMATION_FORMAT = "dwarf-with-dsym";
				ENABLE_NS_ASSERTIONS = NO;
				ENABLE_STRICT_OBJC_MSGSEND = YES;
				GCC_C_LANGUAGE_STANDARD = gnu11;
				GCC_NO_COMMON_BLOCKS = YES;
				GCC_WARN_64_TO_32_BIT_CONVERSION = YES;
				GCC_WARN_ABOUT_RETURN_TYPE = YES_ERROR;
				GCC_WARN_UNDECLARED_SELECTOR = YES;
				GCC_WARN_UNINITIALIZED_AUTOS = YES_AGGRESSIVE;
				GCC_WARN_UNUSED_FUNCTION = YES;
				GCC_WARN_UNUSED_VARIABLE = YES;
				IPHONEOS_DEPLOYMENT_TARGET = 12.1;
				MTL_ENABLE_DEBUG_INFO = NO;
				MTL_FAST_MATH = YES;
				SDKROOT = iphoneos;
				SWIFT_COMPILATION_MODE = wholemodule;
				SWIFT_OPTIMIZATION_LEVEL = "-O";
				VALIDATE_PRODUCT = YES;
			};
			name = Release;
		};
		3E5CAEFE22772DE9001C8256 /* Debug */ = {
			isa = XCBuildConfiguration;
			buildSettings = {
				ASSETCATALOG_COMPILER_APPICON_NAME = AppIcon;
				CODE_SIGN_STYLE = Automatic;
				DEVELOPMENT_TEAM = 452DHHAC9T;
				INFOPLIST_FILE = "Simple Coordinator With Router/Application/Info.plist";
				LD_RUNPATH_SEARCH_PATHS = (
					"$(inherited)",
					"@executable_path/Frameworks",
				);
				PRODUCT_BUNDLE_IDENTIFIER = "com.dk.Simple-Coordinator-With-Router";
				PRODUCT_NAME = "$(TARGET_NAME)";
				SWIFT_VERSION = 4.2;
				TARGETED_DEVICE_FAMILY = "1,2";
			};
			name = Debug;
		};
		3E5CAEFF22772DE9001C8256 /* Release */ = {
			isa = XCBuildConfiguration;
			buildSettings = {
				ASSETCATALOG_COMPILER_APPICON_NAME = AppIcon;
				CODE_SIGN_STYLE = Automatic;
				DEVELOPMENT_TEAM = 452DHHAC9T;
				INFOPLIST_FILE = "Simple Coordinator With Router/Application/Info.plist";
				LD_RUNPATH_SEARCH_PATHS = (
					"$(inherited)",
					"@executable_path/Frameworks",
				);
				PRODUCT_BUNDLE_IDENTIFIER = "com.dk.Simple-Coordinator-With-Router";
				PRODUCT_NAME = "$(TARGET_NAME)";
				SWIFT_VERSION = 4.2;
				TARGETED_DEVICE_FAMILY = "1,2";
			};
			name = Release;
		};
		3E5CAF0122772DE9001C8256 /* Debug */ = {
			isa = XCBuildConfiguration;
			buildSettings = {
				ALWAYS_EMBED_SWIFT_STANDARD_LIBRARIES = YES;
				BUNDLE_LOADER = "$(TEST_HOST)";
				CODE_SIGN_STYLE = Automatic;
				DEVELOPMENT_TEAM = 452DHHAC9T;
				INFOPLIST_FILE = "Simple Coordinator With RouterTests/Info.plist";
				LD_RUNPATH_SEARCH_PATHS = (
					"$(inherited)",
					"@executable_path/Frameworks",
					"@loader_path/Frameworks",
				);
				PRODUCT_BUNDLE_IDENTIFIER = "com.dk.Simple-Coordinator-With-RouterTests";
				PRODUCT_NAME = "$(TARGET_NAME)";
				SWIFT_VERSION = 4.2;
				TARGETED_DEVICE_FAMILY = "1,2";
				TEST_HOST = "$(BUILT_PRODUCTS_DIR)/Simple Coordinator With Router.app/Simple Coordinator With Router";
			};
			name = Debug;
		};
		3E5CAF0222772DE9001C8256 /* Release */ = {
			isa = XCBuildConfiguration;
			buildSettings = {
				ALWAYS_EMBED_SWIFT_STANDARD_LIBRARIES = YES;
				BUNDLE_LOADER = "$(TEST_HOST)";
				CODE_SIGN_STYLE = Automatic;
				DEVELOPMENT_TEAM = 452DHHAC9T;
				INFOPLIST_FILE = "Simple Coordinator With RouterTests/Info.plist";
				LD_RUNPATH_SEARCH_PATHS = (
					"$(inherited)",
					"@executable_path/Frameworks",
					"@loader_path/Frameworks",
				);
				PRODUCT_BUNDLE_IDENTIFIER = "com.dk.Simple-Coordinator-With-RouterTests";
				PRODUCT_NAME = "$(TARGET_NAME)";
				SWIFT_VERSION = 4.2;
				TARGETED_DEVICE_FAMILY = "1,2";
				TEST_HOST = "$(BUILT_PRODUCTS_DIR)/Simple Coordinator With Router.app/Simple Coordinator With Router";
			};
			name = Release;
		};
		3E5CAF0422772DE9001C8256 /* Debug */ = {
			isa = XCBuildConfiguration;
			buildSettings = {
				ALWAYS_EMBED_SWIFT_STANDARD_LIBRARIES = YES;
				CODE_SIGN_STYLE = Automatic;
				DEVELOPMENT_TEAM = 452DHHAC9T;
				INFOPLIST_FILE = "Simple Coordinator With RouterUITests/Info.plist";
				LD_RUNPATH_SEARCH_PATHS = (
					"$(inherited)",
					"@executable_path/Frameworks",
					"@loader_path/Frameworks",
				);
				PRODUCT_BUNDLE_IDENTIFIER = "com.dk.Simple-Coordinator-With-RouterUITests";
				PRODUCT_NAME = "$(TARGET_NAME)";
				SWIFT_VERSION = 4.2;
				TARGETED_DEVICE_FAMILY = "1,2";
				TEST_TARGET_NAME = "Simple Coordinator With Router";
			};
			name = Debug;
		};
		3E5CAF0522772DE9001C8256 /* Release */ = {
			isa = XCBuildConfiguration;
			buildSettings = {
				ALWAYS_EMBED_SWIFT_STANDARD_LIBRARIES = YES;
				CODE_SIGN_STYLE = Automatic;
				DEVELOPMENT_TEAM = 452DHHAC9T;
				INFOPLIST_FILE = "Simple Coordinator With RouterUITests/Info.plist";
				LD_RUNPATH_SEARCH_PATHS = (
					"$(inherited)",
					"@executable_path/Frameworks",
					"@loader_path/Frameworks",
				);
				PRODUCT_BUNDLE_IDENTIFIER = "com.dk.Simple-Coordinator-With-RouterUITests";
				PRODUCT_NAME = "$(TARGET_NAME)";
				SWIFT_VERSION = 4.2;
				TARGETED_DEVICE_FAMILY = "1,2";
				TEST_TARGET_NAME = "Simple Coordinator With Router";
			};
			name = Release;
		};
/* End XCBuildConfiguration section */

/* Begin XCConfigurationList section */
		3E5CAED022772DE8001C8256 /* Build configuration list for PBXProject "Simple Coordinator With Router" */ = {
			isa = XCConfigurationList;
			buildConfigurations = (
				3E5CAEFB22772DE9001C8256 /* Debug */,
				3E5CAEFC22772DE9001C8256 /* Release */,
			);
			defaultConfigurationIsVisible = 0;
			defaultConfigurationName = Release;
		};
		3E5CAEFD22772DE9001C8256 /* Build configuration list for PBXNativeTarget "Simple Coordinator With Router" */ = {
			isa = XCConfigurationList;
			buildConfigurations = (
				3E5CAEFE22772DE9001C8256 /* Debug */,
				3E5CAEFF22772DE9001C8256 /* Release */,
			);
			defaultConfigurationIsVisible = 0;
			defaultConfigurationName = Release;
		};
		3E5CAF0022772DE9001C8256 /* Build configuration list for PBXNativeTarget "Simple Coordinator With RouterTests" */ = {
			isa = XCConfigurationList;
			buildConfigurations = (
				3E5CAF0122772DE9001C8256 /* Debug */,
				3E5CAF0222772DE9001C8256 /* Release */,
			);
			defaultConfigurationIsVisible = 0;
			defaultConfigurationName = Release;
		};
		3E5CAF0322772DE9001C8256 /* Build configuration list for PBXNativeTarget "Simple Coordinator With RouterUITests" */ = {
			isa = XCConfigurationList;
			buildConfigurations = (
				3E5CAF0422772DE9001C8256 /* Debug */,
				3E5CAF0522772DE9001C8256 /* Release */,
			);
			defaultConfigurationIsVisible = 0;
			defaultConfigurationName = Release;
		};
/* End XCConfigurationList section */
	};
	rootObject = 3E5CAECD22772DE8001C8256 /* Project object */;
}
